
Microsoft Visual Studio Solution File, Format Version 12.00
# Visual Studio 2013
VisualStudioVersion = 12.0.21005.1
MinimumVisualStudioVersion = 10.0.40219.1
Project("{8BC9CEB8-8B4A-11D0-8D11-00A0C91BC942}") = "ImagePro", "imagePro13\ImagePro\ImagePro.vcxproj", "{44B763A4-A75D-4BE3-B5B1-1EBDFA93189E}"
EndProject
Project("{8BC9CEB8-8B4A-11D0-8D11-00A0C91BC942}") = "ImageProMain", "imagePro13\ImageProMain\ImageProMain.vcxproj", "{CE0677F1-F465-4C71-9F28-0A71B7E056A4}"
EndProject
Global
	GlobalSection(SolutionConfigurationPlatforms) = preSolution
		Debug|Win32 = Debug|Win32
		Release|Win32 = Release|Win32
	EndGlobalSection
	GlobalSection(ProjectConfigurationPlatforms) = postSolution
		{44B763A4-A75D-4BE3-B5B1-1EBDFA93189E}.Debug|Win32.ActiveCfg = Debug|Win32
		{44B763A4-A75D-4BE3-B5B1-1EBDFA93189E}.Debug|Win32.Build.0 = Debug|Win32
		{44B763A4-A75D-4BE3-B5B1-1EBDFA93189E}.Release|Win32.ActiveCfg = Release|Win32
		{44B763A4-A75D-4BE3-B5B1-1EBDFA93189E}.Release|Win32.Build.0 = Release|Win32
		{CE0677F1-F465-4C71-9F28-0A71B7E056A4}.Debug|Win32.ActiveCfg = Debug|Win32
		{CE0677F1-F465-4C71-9F28-0A71B7E056A4}.Debug|Win32.Build.0 = Debug|Win32
		{CE0677F1-F465-4C71-9F28-0A71B7E056A4}.Release|Win32.ActiveCfg = Release|Win32
		{CE0677F1-F465-4C71-9F28-0A71B7E056A4}.Release|Win32.Build.0 = Release|Win32
	EndGlobalSection
	GlobalSection(SolutionProperties) = preSolution
		HideSolutionNode = FALSE
	EndGlobalSection
EndGlobal
